
Microsoft Visual Studio Solution File, Format Version 12.00
# Visual Studio 15
VisualStudioVersion = 15.0.28307.271
MinimumVisualStudioVersion = 10.0.40219.1
Project("{9A19103F-16F7-4668-BE54-9A1E7A4F7556}") = "Pagination", "Pagination\Pagination.csproj", "{383CC52C-C603-41AF-B3F7-D282BC681A8F}"
EndProject
Project("{9A19103F-16F7-4668-BE54-9A1E7A4F7556}") = "Tests", "Tests\Tests.csproj", "{ACAE48B2-B1C7-46D1-ADD6-499957303D74}"
	ProjectSection(ProjectDependencies) = postProject
		{383CC52C-C603-41AF-B3F7-D282BC681A8F} = {383CC52C-C603-41AF-B3F7-D282BC681A8F}
	EndProjectSection
EndProject
Global
	GlobalSection(SolutionConfigurationPlatforms) = preSolution
		Debug|Any CPU = Debug|Any CPU
		Release|Any CPU = Release|Any CPU
	EndGlobalSection
	GlobalSection(ProjectConfigurationPlatforms) = postSolution
		{383CC52C-C603-41AF-B3F7-D282BC681A8F}.Debug|Any CPU.ActiveCfg = Debug|Any CPU
		{383CC52C-C603-41AF-B3F7-D282BC681A8F}.Debug|Any CPU.Build.0 = Debug|Any CPU
		{383CC52C-C603-41AF-B3F7-D282BC681A8F}.Release|Any CPU.ActiveCfg = Release|Any CPU
		{383CC52C-C603-41AF-B3F7-D282BC681A8F}.Release|Any CPU.Build.0 = Release|Any CPU
		{ACAE48B2-B1C7-46D1-ADD6-499957303D74}.Debug|Any CPU.ActiveCfg = Debug|Any CPU
		{ACAE48B2-B1C7-46D1-ADD6-499957303D74}.Debug|Any CPU.Build.0 = Debug|Any CPU
		{ACAE48B2-B1C7-46D1-ADD6-499957303D74}.Release|Any CPU.ActiveCfg = Release|Any CPU
		{ACAE48B2-B1C7-46D1-ADD6-499957303D74}.Release|Any CPU.Build.0 = Release|Any CPU
	EndGlobalSection
	GlobalSection(SolutionProperties) = preSolution
		HideSolutionNode = FALSE
	EndGlobalSection
	GlobalSection(ExtensibilityGlobals) = postSolution
		SolutionGuid = {D42BD98E-6C6B-46D1-98BC-E5E6C627D39B}
	EndGlobalSection
EndGlobal
